PODS:
  - Alamofire (5.4.1)
  - CWStatusBarNotification (2.3.5)
  - Kingfisher (6.3.0)
  - Masonry (1.1.0)
  - MBProgressHUD (1.2.0)
  - MJExtension (3.2.2)
  - MJRefresh (3.5.0)
  - SDWebImage (5.10.0):
    - SDWebImage/Core (= 5.10.0)
  - SDWebImage/Core (5.10.0)
  - SnapKit (5.0.1)
  - SSZipArchive (2.4.3)
  - TCBeautyKit (1.0.0):
    - SSZipArchive
    - Toast-Swift
  - Toast-Swift (5.0.1)
  - TUILiveRoom/TRTC (1.0.0):
    - Alamofire
    - CWStatusBarNotification (~> 2.3.5)
    - Kingfisher
    - Masonry
    - MBProgressHUD (~> 1.2.0)
    - MJExtension
    - MJRefresh
    - SDWebImage
    - SnapKit
    - SSZipArchive
    - TCBeautyKit
    - Toast-Swift
    - TXAppBasic
    - TXIMSDK_Plus_iOS (~> 5.7.1435)
    - TXLiteAVSDK_TRTC
  - TXAppBasic (1.0.0)
  - TXIMSDK_Plus_iOS (5.7.1435)
  - TXLiteAVSDK_TRTC (8.1.9719)

DEPENDENCIES:
  - TCBeautyKit (from `TCBeautyKit/`)
  - TUILiveRoom/TRTC (from `./`)
  - TXAppBasic (from `TXAppBasic/`)
  - TXLiteAVSDK_TRTC

SPEC REPOS:
  trunk:
    - Alamofire
    - CWStatusBarNotification
    - Kingfisher
    - Masonry
    - MBProgressHUD
    - MJExtension
    - MJRefresh
    - SDWebImage
    - SnapKit
    - SSZipArchive
    - Toast-Swift
    - TXIMSDK_Plus_iOS
    - TXLiteAVSDK_TRTC

EXTERNAL SOURCES:
  TCBeautyKit:
    :path: TCBeautyKit/
  TUILiveRoom:
    :path: "./"
  TXAppBasic:
    :path: TXAppBasic/

SPEC CHECKSUMS:
  Alamofire: 2291f7d21ca607c491dd17642e5d40fdcda0e65c
  CWStatusBarNotification: 3d2738b25c3207f60cc50201388d3c96182545ff
  Kingfisher: 6c3df386db71d82c0817a429d2c9421a77396529
  Masonry: 678fab65091a9290e40e2832a55e7ab731aad201
  MBProgressHUD: 3ee5efcc380f6a79a7cc9b363dd669c5e1ae7406
  MJExtension: d9b9c74cbdeb724c1e9ecbb157b318276e62e876
  MJRefresh: 6afc955813966afb08305477dd7a0d9ad5e79a16
  SDWebImage: 9169792e9eec3e45bba2a0c02f74bf8bd922d1ee
  SnapKit: 97b92857e3df3a0c71833cce143274bf6ef8e5eb
  SSZipArchive: fe6a26b2a54d5a0890f2567b5cc6de5caa600aef
  TCBeautyKit: d7182c484218f88461680fa7dd14706efb660215
  Toast-Swift: 9b6a70f28b3bf0b96c40d46c0c4b9d6639846711
  TUILiveRoom: ba83207b1852c300fc2fc7cff0cf36953a678e6a
  TXAppBasic: f72fd658cb2cec20f0368158752b82226cb6cdec
  TXIMSDK_Plus_iOS: 4b7c1097ea9899f7bf95fa90e2cb4471389f93dd
  TXLiteAVSDK_TRTC: dd581804b8badfffaf1d00856d7f2812eb8a47d4

PODFILE CHECKSUM: 14d47a6f2297d1a62877aa6b5bcddb102a8657f8

COCOAPODS: 1.11.2
